
Microsoft Visual Studio Solution File, Format Version 12.00
# Visual Studio 14
VisualStudioVersion = 14.0.25123.0
MinimumVisualStudioVersion = 10.0.40219.1
Project("{FAE04EC0-301F-11D3-BF4B-00C04F79EFBC}") = "PersonalWebPortfolio", "PersonalWebPortfolio\PersonalWebPortfolio.csproj", "{F5A26A2E-7879-4472-8E48-022E903A0824}"
EndProject
Project("{FAE04EC0-301F-11D3-BF4B-00C04F79EFBC}") = "PersonalWebPortfolio.Tests", "PersonalWebPortfolio.Tests\PersonalWebPortfolio.Tests.csproj", "{DDF4F165-5334-4E5D-9458-7D25CB59EA68}"
EndProject
Global
	GlobalSection(SolutionConfigurationPlatforms) = preSolution
		Debug|Any CPU = Debug|Any CPU
		Release|Any CPU = Release|Any CPU
	EndGlobalSection
	GlobalSection(ProjectConfigurationPlatforms) = postSolution
		{F5A26A2E-7879-4472-8E48-022E903A0824}.Debug|Any CPU.ActiveCfg = Debug|Any CPU
		{F5A26A2E-7879-4472-8E48-022E903A0824}.Debug|Any CPU.Build.0 = Debug|Any CPU
		{F5A26A2E-7879-4472-8E48-022E903A0824}.Release|Any CPU.ActiveCfg = Release|Any CPU
		{F5A26A2E-7879-4472-8E48-022E903A0824}.Release|Any CPU.Build.0 = Release|Any CPU
		{DDF4F165-5334-4E5D-9458-7D25CB59EA68}.Debug|Any CPU.ActiveCfg = Debug|Any CPU
		{DDF4F165-5334-4E5D-9458-7D25CB59EA68}.Debug|Any CPU.Build.0 = Debug|Any CPU
		{DDF4F165-5334-4E5D-9458-7D25CB59EA68}.Release|Any CPU.ActiveCfg = Release|Any CPU
		{DDF4F165-5334-4E5D-9458-7D25CB59EA68}.Release|Any CPU.Build.0 = Release|Any CPU
	EndGlobalSection
	GlobalSection(SolutionProperties) = preSolution
		HideSolutionNode = FALSE
	EndGlobalSection
EndGlobal
